
Microsoft Visual Studio Solution File, Format Version 12.00
# Visual Studio Version 17
VisualStudioVersion = 17.3.32825.248
MinimumVisualStudioVersion = 10.0.40219.1
Project("{FAE04EC0-301F-11D3-BF4B-00C04F79EFBC}") = "CreatorsApplication", "CreatorsApplication.csproj", "{7000555B-F6AB-4176-9DFC-1DD9B8BFBDA5}"
EndProject
Project("{FAE04EC0-301F-11D3-BF4B-00C04F79EFBC}") = "CreatorsGUI", "..\CreatorsGUI\CreatorsGUI.csproj", "{D0F7BECD-49E7-46C5-B9F1-0D4E32C942A6}"
EndProject
Global
	GlobalSection(SolutionConfigurationPlatforms) = preSolution
		Debug|Any CPU = Debug|Any CPU
		Release|Any CPU = Release|Any CPU
	EndGlobalSection
	GlobalSection(ProjectConfigurationPlatforms) = postSolution
		{7000555B-F6AB-4176-9DFC-1DD9B8BFBDA5}.Debug|Any CPU.ActiveCfg = Debug|Any CPU
		{7000555B-F6AB-4176-9DFC-1DD9B8BFBDA5}.Debug|Any CPU.Build.0 = Debug|Any CPU
		{7000555B-F6AB-4176-9DFC-1DD9B8BFBDA5}.Release|Any CPU.ActiveCfg = Release|Any CPU
		{7000555B-F6AB-4176-9DFC-1DD9B8BFBDA5}.Release|Any CPU.Build.0 = Release|Any CPU
		{D0F7BECD-49E7-46C5-B9F1-0D4E32C942A6}.Debug|Any CPU.ActiveCfg = Debug|Any CPU
		{D0F7BECD-49E7-46C5-B9F1-0D4E32C942A6}.Debug|Any CPU.Build.0 = Debug|Any CPU
		{D0F7BECD-49E7-46C5-B9F1-0D4E32C942A6}.Release|Any CPU.ActiveCfg = Release|Any CPU
		{D0F7BECD-49E7-46C5-B9F1-0D4E32C942A6}.Release|Any CPU.Build.0 = Release|Any CPU
	EndGlobalSection
	GlobalSection(SolutionProperties) = preSolution
		HideSolutionNode = FALSE
	EndGlobalSection
	GlobalSection(ExtensibilityGlobals) = postSolution
		SolutionGuid = {470EBB95-E89C-4063-A564-9DEDA73F06B7}
	EndGlobalSection
EndGlobal
